PODS:
  - awesome_notifications (0.0.3):
    - Flutter
  - cloud_firestore (3.1.10):
    - Firebase/Firestore (= 8.11.0)
    - firebase_core
    - Flutter
  - device_info_plus (0.0.1):
    - Flutter
  - device_information (0.0.1):
    - Flutter
  - external_app_launcher (0.0.1):
    - Flutter
  - Firebase/CoreOnly (8.11.0):
    - FirebaseCore (= 8.11.0)
  - Firebase/Crashlytics (8.11.0):
    - Firebase/CoreOnly
    - FirebaseCrashlytics (~> 8.11.0)
  - Firebase/Firestore (8.11.0):
    - Firebase/CoreOnly
    - FirebaseFirestore (~> 8.11.0)
  - Firebase/Messaging (8.11.0):
    - Firebase/CoreOnly
    - FirebaseMessaging (~> 8.11.0)
  - firebase_core (1.13.1):
    - Firebase/CoreOnly (= 8.11.0)
    - Flutter
  - firebase_crashlytics (2.5.3):
    - Firebase/Crashlytics (= 8.11.0)
    - firebase_core
    - Flutter
  - firebase_messaging (11.2.8):
    - Firebase/Messaging (= 8.11.0)
    - firebase_core
    - Flutter
  - FirebaseCore (8.11.0):
    - FirebaseCoreDiagnostics (~> 8.0)
    - GoogleUtilities/Environment (~> 7.7)
    - GoogleUtilities/Logger (~> 7.7)
  - FirebaseCoreDiagnostics (8.13.0):
    - GoogleDataTransport (~> 9.1)
    - GoogleUtilities/Environment (~> 7.7)
    - GoogleUtilities/Logger (~> 7.7)
    - nanopb (~> 2.30908.0)
  - FirebaseCrashlytics (8.11.0):
    - FirebaseCore (~> 8.0)
    - FirebaseInstallations (~> 8.0)
    - GoogleDataTransport (~> 9.1)
    - GoogleUtilities/Environment (~> 7.7)
    - nanopb (~> 2.30908.0)
    - PromisesObjC (< 3.0, >= 1.2)
  - FirebaseFirestore (8.11.0):
    - FirebaseFirestore/AutodetectLeveldb (= 8.11.0)
  - FirebaseFirestore/AutodetectLeveldb (8.11.0):
    - FirebaseFirestore/Base
    - FirebaseFirestore/WithLeveldb
  - FirebaseFirestore/Base (8.11.0)
  - FirebaseFirestore/WithLeveldb (8.11.0):
    - FirebaseFirestore/Base
  - FirebaseInstallations (8.13.0):
    - FirebaseCore (~> 8.0)
    - GoogleUtilities/Environment (~> 7.7)
    - GoogleUtilities/UserDefaults (~> 7.7)
    - PromisesObjC (< 3.0, >= 1.2)
  - FirebaseMessaging (8.11.0):
    - FirebaseCore (~> 8.0)
    - FirebaseInstallations (~> 8.0)
    - GoogleDataTransport (~> 9.1)
    - GoogleUtilities/AppDelegateSwizzler (~> 7.7)
    - GoogleUtilities/Environment (~> 7.7)
    - GoogleUtilities/Reachability (~> 7.7)
    - GoogleUtilities/UserDefaults (~> 7.7)
    - nanopb (~> 2.30908.0)
  - Flutter (1.0.0)
  - flutter_inappwebview (0.0.1):
    - Flutter
    - flutter_inappwebview/Core (= 0.0.1)
    - OrderedSet (~> 5.0)
  - flutter_inappwebview/Core (0.0.1):
    - Flutter
    - OrderedSet (~> 5.0)
  - flutter_keyboard_visibility (0.0.1):
    - Flutter
  - flutter_local_notifications (0.0.1):
    - Flutter
  - FMDB (2.7.5):
    - FMDB/standard (= 2.7.5)
  - FMDB/standard (2.7.5)
  - google_maps_flutter (0.0.1):
    - Flutter
    - GoogleMaps
  - GoogleDataTransport (9.1.2):
    - GoogleUtilities/Environment (~> 7.2)
    - nanopb (~> 2.30908.0)
    - PromisesObjC (< 3.0, >= 1.2)
  - GoogleMaps (4.2.0):
    - GoogleMaps/Maps (= 4.2.0)
  - GoogleMaps/Base (4.2.0)
  - GoogleMaps/Maps (4.2.0):
    - GoogleMaps/Base
  - GoogleUtilities/AppDelegateSwizzler (7.7.0):
    - GoogleUtilities/Environment
    - GoogleUtilities/Logger
    - GoogleUtilities/Network
  - GoogleUtilities/Environment (7.7.0):
    - PromisesObjC (< 3.0, >= 1.2)
  - GoogleUtilities/Logger (7.7.0):
    - GoogleUtilities/Environment
  - GoogleUtilities/Network (7.7.0):
    - GoogleUtilities/Logger
    - "GoogleUtilities/NSData+zlib"
    - GoogleUtilities/Reachability
  - "GoogleUtilities/NSData+zlib (7.7.0)"
  - GoogleUtilities/Reachability (7.7.0):
    - GoogleUtilities/Logger
  - GoogleUtilities/UserDefaults (7.7.0):
    - GoogleUtilities/Logger
  - image_picker (0.0.1):
    - Flutter
  - nanopb (2.30908.0):
    - nanopb/decode (= 2.30908.0)
    - nanopb/encode (= 2.30908.0)
  - nanopb/decode (2.30908.0)
  - nanopb/encode (2.30908.0)
  - OrderedSet (5.0.0)
  - path_provider_ios (0.0.1):
    - Flutter
  - "permission_handler (5.1.0+2)":
    - Flutter
  - PromisesObjC (2.0.0)
  - shared_preferences_ios (0.0.1):
    - Flutter
  - sqflite (0.0.2):
    - Flutter
    - FMDB (>= 2.7.5)
  - url_launcher_ios (0.0.1):
    - Flutter
  - webview_flutter_wkwebview (0.0.1):
    - Flutter

DEPENDENCIES:
  - awesome_notifications (from `.symlinks/plugins/awesome_notifications/ios`)
  - cloud_firestore (from `.symlinks/plugins/cloud_firestore/ios`)
  - device_info_plus (from `.symlinks/plugins/device_info_plus/ios`)
  - device_information (from `.symlinks/plugins/device_information/ios`)
  - external_app_launcher (from `.symlinks/plugins/external_app_launcher/ios`)
  - firebase_core (from `.symlinks/plugins/firebase_core/ios`)
  - firebase_crashlytics (from `.symlinks/plugins/firebase_crashlytics/ios`)
  - firebase_messaging (from `.symlinks/plugins/firebase_messaging/ios`)
  - FirebaseFirestore (from `https://github.com/invertase/firestore-ios-sdk-frameworks.git`, tag `8.11.0`)
  - Flutter (from `Flutter`)
  - flutter_inappwebview (from `.symlinks/plugins/flutter_inappwebview/ios`)
  - flutter_keyboard_visibility (from `.symlinks/plugins/flutter_keyboard_visibility/ios`)
  - flutter_local_notifications (from `.symlinks/plugins/flutter_local_notifications/ios`)
  - google_maps_flutter (from `.symlinks/plugins/google_maps_flutter/ios`)
  - image_picker (from `.symlinks/plugins/image_picker/ios`)
  - path_provider_ios (from `.symlinks/plugins/path_provider_ios/ios`)
  - permission_handler (from `.symlinks/plugins/permission_handler/ios`)
  - shared_preferences_ios (from `.symlinks/plugins/shared_preferences_ios/ios`)
  - sqflite (from `.symlinks/plugins/sqflite/ios`)
  - url_launcher_ios (from `.symlinks/plugins/url_launcher_ios/ios`)
  - webview_flutter_wkwebview (from `.symlinks/plugins/webview_flutter_wkwebview/ios`)

SPEC REPOS:
  trunk:
    - Firebase
    - FirebaseCore
    - FirebaseCoreDiagnostics
    - FirebaseCrashlytics
    - FirebaseInstallations
    - FirebaseMessaging
    - FMDB
    - GoogleDataTransport
    - GoogleMaps
    - GoogleUtilities
    - nanopb
    - OrderedSet
    - PromisesObjC

EXTERNAL SOURCES:
  awesome_notifications:
    :path: ".symlinks/plugins/awesome_notifications/ios"
  cloud_firestore:
    :path: ".symlinks/plugins/cloud_firestore/ios"
  device_info_plus:
    :path: ".symlinks/plugins/device_info_plus/ios"
  device_information:
    :path: ".symlinks/plugins/device_information/ios"
  external_app_launcher:
    :path: ".symlinks/plugins/external_app_launcher/ios"
  firebase_core:
    :path: ".symlinks/plugins/firebase_core/ios"
  firebase_crashlytics:
    :path: ".symlinks/plugins/firebase_crashlytics/ios"
  firebase_messaging:
    :path: ".symlinks/plugins/firebase_messaging/ios"
  FirebaseFirestore:
    :git: https://github.com/invertase/firestore-ios-sdk-frameworks.git
    :tag: 8.11.0
  Flutter:
    :path: Flutter
  flutter_inappwebview:
    :path: ".symlinks/plugins/flutter_inappwebview/ios"
  flutter_keyboard_visibility:
    :path: ".symlinks/plugins/flutter_keyboard_visibility/ios"
  flutter_local_notifications:
    :path: ".symlinks/plugins/flutter_local_notifications/ios"
  google_maps_flutter:
    :path: ".symlinks/plugins/google_maps_flutter/ios"
  image_picker:
    :path: ".symlinks/plugins/image_picker/ios"
  path_provider_ios:
    :path: ".symlinks/plugins/path_provider_ios/ios"
  permission_handler:
    :path: ".symlinks/plugins/permission_handler/ios"
  shared_preferences_ios:
    :path: ".symlinks/plugins/shared_preferences_ios/ios"
  sqflite:
    :path: ".symlinks/plugins/sqflite/ios"
  url_launcher_ios:
    :path: ".symlinks/plugins/url_launcher_ios/ios"
  webview_flutter_wkwebview:
    :path: ".symlinks/plugins/webview_flutter_wkwebview/ios"

CHECKOUT OPTIONS:
  FirebaseFirestore:
    :git: https://github.com/invertase/firestore-ios-sdk-frameworks.git
    :tag: 8.11.0

SPEC CHECKSUMS:
  awesome_notifications: 04530aafec8dac4635244ed4b4072f4aea6cc938
  cloud_firestore: c6c42fe62809b7417aa3c45a6ef0c2812f7fb0d6
  device_info_plus: e5c5da33f982a436e103237c0c85f9031142abed
  device_information: d652f6dcea86bdc5300ffd495486de1d5047bf4f
  external_app_launcher: ad55ac844aa21f2d2197d7cec58ff0d0dc40bbc0
  Firebase: 44dd9724c84df18b486639e874f31436eaa9a20c
  firebase_core: 08f6a85f62060111de5e98d6a214810d11365de9
  firebase_crashlytics: 28149c943342a73fefe1afef224d345cfb35e1ee
  firebase_messaging: 36238f3d0b933af8c919aef608408aae06ba22e8
  FirebaseCore: 2f4f85b453cc8fea4bb2b37e370007d2bcafe3f0
  FirebaseCoreDiagnostics: c2836d254a8f0bbb4121ff18f2c2ea39d118fd08
  FirebaseCrashlytics: 62268addefae79601057818156e8bc69d71fee41
  FirebaseFirestore: 8a0c6a06219bbaad86c72bcb66688c28995dde84
  FirebaseInstallations: 60edbf7e11d91ae4c751d26c200dfd037099abe0
  FirebaseMessaging: 02e248e8997f71fa8cc9d78e9d49ec1a701ba14a
  Flutter: 50d75fe2f02b26cc09d224853bb45737f8b3214a
  flutter_inappwebview: bfd58618f49dc62f2676de690fc6dcda1d6c3721
  flutter_keyboard_visibility: 0339d06371254c3eb25eeb90ba8d17dca8f9c069
  flutter_local_notifications: 0c0b1ae97e741e1521e4c1629a459d04b9aec743
  FMDB: 2ce00b547f966261cd18927a3ddb07cb6f3db82a
  google_maps_flutter: abdb8dee6c52d4be36ad131ee6ebfacd14417c5a
  GoogleDataTransport: 629c20a4d363167143f30ea78320d5a7eb8bd940
  GoogleMaps: eb03e327edfd70b06de1e6e321653f73712df7ad
  GoogleUtilities: e0913149f6b0625b553d70dae12b49fc62914fd1
  image_picker: 541dcbb3b9cf32d87eacbd957845d8651d6c62c3
  nanopb: a0ba3315591a9ae0a16a309ee504766e90db0c96
  OrderedSet: aaeb196f7fef5a9edf55d89760da9176ad40b93c
  path_provider_ios: 14f3d2fd28c4fdb42f44e0f751d12861c43cee02
  permission_handler: ccb20a9fad0ee9b1314a52b70b76b473c5f8dab0
  PromisesObjC: 68159ce6952d93e17b2dfe273b8c40907db5ba58
  shared_preferences_ios: 548a61f8053b9b8a49ac19c1ffbc8b92c50d68ad
  sqflite: 6d358c025f5b867b29ed92fc697fd34924e11904
  url_launcher_ios: 839c58cdb4279282219f5e248c3321761ff3c4de
  webview_flutter_wkwebview: 005fbd90c888a42c5690919a1527ecc6649e1162

PODFILE CHECKSUM: 659b77178c8e4f6473c91c77678a543e4637d37a

COCOAPODS: 1.11.2
